
Microsoft Visual Studio Solution File, Format Version 12.00
# Visual Studio Version 16
VisualStudioVersion = 16.0.37507.1
MinimumVisualStudioVersion = 10.0.40219.1
Project("{8BC9CEB8-8B4A-11D0-8D11-00A0C91BC942}") = "MyDataBase", "MyDataBase\MyDataBase.vcxproj", "{37425C9B-A6D8-4F27-A70B-897304C47925}"
EndProject
Project("{8BC9CEB8-8B4A-11D0-8D11-00A0C91BC942}") = "Tree", "Tree\Tree.vcxproj", "{84BB09EB-DA35-48DB-8CF7-C842C4490AC0}"
EndProject
Global
	GlobalSection(SolutionConfigurationPlatforms) = preSolution
		Debug|x64 = Debug|x64
		Debug|x86 = Debug|x86
		Release|x64 = Release|x64
		Release|x86 = Release|x86
	EndGlobalSection
	GlobalSection(ProjectConfigurationPlatforms) = postSolution
		{37425C9B-A6D8-4F27-A70B-897304C47925}.Debug|x64.ActiveCfg = Debug|x64
		{37425C9B-A6D8-4F27-A70B-897304C47925}.Debug|x64.Build.0 = Debug|x64
		{37425C9B-A6D8-4F27-A70B-897304C47925}.Debug|x86.ActiveCfg = Debug|Win32
		{37425C9B-A6D8-4F27-A70B-897304C47925}.Debug|x86.Build.0 = Debug|Win32
		{37425C9B-A6D8-4F27-A70B-897304C47925}.Release|x64.ActiveCfg = Release|x64
		{37425C9B-A6D8-4F27-A70B-897304C47925}.Release|x64.Build.0 = Release|x64
		{37425C9B-A6D8-4F27-A70B-897304C47925}.Release|x86.ActiveCfg = Release|Win32
		{37425C9B-A6D8-4F27-A70B-897304C47925}.Release|x86.Build.0 = Release|Win32
		{84BB09EB-DA35-48DB-8CF7-C842C4490AC0}.Debug|x64.ActiveCfg = Debug|x64
		{84BB09EB-DA35-48DB-8CF7-C842C4490AC0}.Debug|x64.Build.0 = Debug|x64
		{84BB09EB-DA35-48DB-8CF7-C842C4490AC0}.Debug|x86.ActiveCfg = Debug|Win32
		{84BB09EB-DA35-48DB-8CF7-C842C4490AC0}.Debug|x86.Build.0 = Debug|Win32
		{84BB09EB-DA35-48DB-8CF7-C842C4490AC0}.Release|x64.ActiveCfg = Release|x64
		{84BB09EB-DA35-48DB-8CF7-C842C4490AC0}.Release|x64.Build.0 = Release|x64
		{84BB09EB-DA35-48DB-8CF7-C842C4490AC0}.Release|x86.ActiveCfg = Release|Win32
		{84BB09EB-DA35-48DB-8CF7-C842C4490AC0}.Release|x86.Build.0 = Release|Win32
	EndGlobalSection
	GlobalSection(SolutionProperties) = preSolution
		HideSolutionNode = FALSE
	EndGlobalSection
	GlobalSection(ExtensibilityGlobals) = postSolution
		SolutionGuid = {443F3387-480A-4005-96EC-A28FE23C0B51}
	EndGlobalSection
EndGlobal
